
Microsoft Visual Studio Solution File, Format Version 12.00
# Visual Studio Version 17
VisualStudioVersion = 17.0.32014.148
MinimumVisualStudioVersion = 10.0.40219.1
Project("{FAE04EC0-301F-11D3-BF4B-00C04F79EFBC}") = "test2", "test2\test2.csproj", "{8548729A-2566-4960-A3D2-089C35A1251B}"
EndProject
Global
	GlobalSection(SolutionConfigurationPlatforms) = preSolution
		Debug|Any CPU = Debug|Any CPU
		Release|Any CPU = Release|Any CPU
	EndGlobalSection
	GlobalSection(ProjectConfigurationPlatforms) = postSolution
		{8548729A-2566-4960-A3D2-089C35A1251B}.Debug|Any CPU.ActiveCfg = Debug|Any CPU
		{8548729A-2566-4960-A3D2-089C35A1251B}.Debug|Any CPU.Build.0 = Debug|Any CPU
		{8548729A-2566-4960-A3D2-089C35A1251B}.Release|Any CPU.ActiveCfg = Release|Any CPU
		{8548729A-2566-4960-A3D2-089C35A1251B}.Release|Any CPU.Build.0 = Release|Any CPU
	EndGlobalSection
	GlobalSection(SolutionProperties) = preSolution
		HideSolutionNode = FALSE
	EndGlobalSection
	GlobalSection(ExtensibilityGlobals) = postSolution
		SolutionGuid = {CF1CFB64-DC7B-4E14-90DB-FBB07DA24DF9}
	EndGlobalSection
EndGlobal
